
Microsoft Visual Studio Solution File, Format Version 12.00
# Visual Studio Version 16
VisualStudioVersion = 16.0.30114.105
MinimumVisualStudioVersion = 10.0.40219.1
Project("{FAE04EC0-301F-11D3-BF4B-00C04F79EFBC}") = "Pdf.Cli", "Pdf.Cli\Pdf.Cli.csproj", "{F74B1F69-5483-45B0-9B72-B8F138A3263E}"
EndProject
Project("{FAE04EC0-301F-11D3-BF4B-00C04F79EFBC}") = "Pdf.Processor", "Pdf.Processor\Pdf.Processor.csproj", "{1F8EC8E2-B4D3-44F6-8320-4A922159907F}"
EndProject
Project("{FAE04EC0-301F-11D3-BF4B-00C04F79EFBC}") = "Pdf.Models", "Pdf.Models\Pdf.Models.csproj", "{3450C2F5-B5BB-4204-8BC2-92120FFE648A}"
EndProject
Global
	GlobalSection(SolutionConfigurationPlatforms) = preSolution
		Debug|Any CPU = Debug|Any CPU
		Release|Any CPU = Release|Any CPU
	EndGlobalSection
	GlobalSection(SolutionProperties) = preSolution
		HideSolutionNode = FALSE
	EndGlobalSection
	GlobalSection(ProjectConfigurationPlatforms) = postSolution
		{F74B1F69-5483-45B0-9B72-B8F138A3263E}.Debug|Any CPU.ActiveCfg = Debug|Any CPU
		{F74B1F69-5483-45B0-9B72-B8F138A3263E}.Debug|Any CPU.Build.0 = Debug|Any CPU
		{F74B1F69-5483-45B0-9B72-B8F138A3263E}.Release|Any CPU.ActiveCfg = Release|Any CPU
		{F74B1F69-5483-45B0-9B72-B8F138A3263E}.Release|Any CPU.Build.0 = Release|Any CPU
		{1F8EC8E2-B4D3-44F6-8320-4A922159907F}.Debug|Any CPU.ActiveCfg = Debug|Any CPU
		{1F8EC8E2-B4D3-44F6-8320-4A922159907F}.Debug|Any CPU.Build.0 = Debug|Any CPU
		{1F8EC8E2-B4D3-44F6-8320-4A922159907F}.Release|Any CPU.ActiveCfg = Release|Any CPU
		{1F8EC8E2-B4D3-44F6-8320-4A922159907F}.Release|Any CPU.Build.0 = Release|Any CPU
		{3450C2F5-B5BB-4204-8BC2-92120FFE648A}.Debug|Any CPU.ActiveCfg = Debug|Any CPU
		{3450C2F5-B5BB-4204-8BC2-92120FFE648A}.Debug|Any CPU.Build.0 = Debug|Any CPU
		{3450C2F5-B5BB-4204-8BC2-92120FFE648A}.Release|Any CPU.ActiveCfg = Release|Any CPU
		{3450C2F5-B5BB-4204-8BC2-92120FFE648A}.Release|Any CPU.Build.0 = Release|Any CPU
	EndGlobalSection
EndGlobal
